
Microsoft Visual Studio Solution File, Format Version 12.00
# Visual Studio 15
VisualStudioVersion = 15.0.26124.0
MinimumVisualStudioVersion = 15.0.26124.0
Project("{FAE04EC0-301F-11D3-BF4B-00C04F79EFBC}") = "BestBeforeApp.Android", "src\BestBeforeApp.Android\BestBeforeApp.Android.csproj", "{482D910D-6E78-4ACF-87A6-506EDA079332}"
EndProject
Project("{FAE04EC0-301F-11D3-BF4B-00C04F79EFBC}") = "BestBeforeApp.iOS", "src\BestBeforeApp.iOS\BestBeforeApp.iOS.csproj", "{1F4C47D1-E0DB-4052-8181-1530607E912A}"
EndProject
Project("{FAE04EC0-301F-11D3-BF4B-00C04F79EFBC}") = "BestBeforeApp", "src\BestBeforeApp\BestBeforeApp.csproj", "{EB9450AB-EDA0-4DAD-802C-F8E750C2B6F5}"
EndProject
Global
	GlobalSection(SolutionConfigurationPlatforms) = preSolution
		Debug|Any CPU = Debug|Any CPU
		Debug|x64 = Debug|x64
		Debug|x86 = Debug|x86
		Release|Any CPU = Release|Any CPU
		Release|x64 = Release|x64
		Release|x86 = Release|x86
		Debug|iPhoneSimulator = Debug|iPhoneSimulator
		Release|iPhoneSimulator = Release|iPhoneSimulator
		Debug|iPhone = Debug|iPhone
		Release|iPhone = Release|iPhone
	EndGlobalSection
	GlobalSection(SolutionProperties) = preSolution
		HideSolutionNode = FALSE
	EndGlobalSection
	GlobalSection(ProjectConfigurationPlatforms) = postSolution
		{482D910D-6E78-4ACF-87A6-506EDA079332}.Debug|Any CPU.ActiveCfg = Debug|Any CPU
		{482D910D-6E78-4ACF-87A6-506EDA079332}.Debug|Any CPU.Build.0 = Debug|Any CPU
		{482D910D-6E78-4ACF-87A6-506EDA079332}.Debug|x64.ActiveCfg = Debug|Any CPU
		{482D910D-6E78-4ACF-87A6-506EDA079332}.Debug|x64.Build.0 = Debug|Any CPU
		{482D910D-6E78-4ACF-87A6-506EDA079332}.Debug|x86.ActiveCfg = Debug|Any CPU
		{482D910D-6E78-4ACF-87A6-506EDA079332}.Debug|x86.Build.0 = Debug|Any CPU
		{482D910D-6E78-4ACF-87A6-506EDA079332}.Release|Any CPU.ActiveCfg = Release|Any CPU
		{482D910D-6E78-4ACF-87A6-506EDA079332}.Release|Any CPU.Build.0 = Release|Any CPU
		{482D910D-6E78-4ACF-87A6-506EDA079332}.Release|x64.ActiveCfg = Release|Any CPU
		{482D910D-6E78-4ACF-87A6-506EDA079332}.Release|x64.Build.0 = Release|Any CPU
		{482D910D-6E78-4ACF-87A6-506EDA079332}.Release|x86.ActiveCfg = Release|Any CPU
		{482D910D-6E78-4ACF-87A6-506EDA079332}.Release|x86.Build.0 = Release|Any CPU
		{482D910D-6E78-4ACF-87A6-506EDA079332}.Debug|iPhoneSimulator.ActiveCfg = Debug|Any CPU
		{482D910D-6E78-4ACF-87A6-506EDA079332}.Debug|iPhoneSimulator.Build.0 = Debug|Any CPU
		{482D910D-6E78-4ACF-87A6-506EDA079332}.Release|iPhoneSimulator.ActiveCfg = Release|Any CPU
		{482D910D-6E78-4ACF-87A6-506EDA079332}.Release|iPhoneSimulator.Build.0 = Release|Any CPU
		{482D910D-6E78-4ACF-87A6-506EDA079332}.Debug|iPhone.ActiveCfg = Debug|Any CPU
		{482D910D-6E78-4ACF-87A6-506EDA079332}.Debug|iPhone.Build.0 = Debug|Any CPU
		{482D910D-6E78-4ACF-87A6-506EDA079332}.Release|iPhone.ActiveCfg = Release|Any CPU
		{482D910D-6E78-4ACF-87A6-506EDA079332}.Release|iPhone.Build.0 = Release|Any CPU
		{1F4C47D1-E0DB-4052-8181-1530607E912A}.Debug|Any CPU.ActiveCfg = Debug|iPhoneSimulator
		{1F4C47D1-E0DB-4052-8181-1530607E912A}.Debug|Any CPU.Build.0 = Debug|iPhoneSimulator
		{1F4C47D1-E0DB-4052-8181-1530607E912A}.Debug|x64.ActiveCfg = Debug|iPhoneSimulator
		{1F4C47D1-E0DB-4052-8181-1530607E912A}.Debug|x64.Build.0 = Debug|iPhoneSimulator
		{1F4C47D1-E0DB-4052-8181-1530607E912A}.Debug|x86.ActiveCfg = Debug|iPhoneSimulator
		{1F4C47D1-E0DB-4052-8181-1530607E912A}.Debug|x86.Build.0 = Debug|iPhoneSimulator
		{1F4C47D1-E0DB-4052-8181-1530607E912A}.Release|Any CPU.ActiveCfg = Release|iPhoneSimulator
		{1F4C47D1-E0DB-4052-8181-1530607E912A}.Release|Any CPU.Build.0 = Release|iPhoneSimulator
		{1F4C47D1-E0DB-4052-8181-1530607E912A}.Release|x64.ActiveCfg = Release|iPhoneSimulator
		{1F4C47D1-E0DB-4052-8181-1530607E912A}.Release|x64.Build.0 = Release|iPhoneSimulator
		{1F4C47D1-E0DB-4052-8181-1530607E912A}.Release|x86.ActiveCfg = Release|iPhoneSimulator
		{1F4C47D1-E0DB-4052-8181-1530607E912A}.Release|x86.Build.0 = Release|iPhoneSimulator
		{1F4C47D1-E0DB-4052-8181-1530607E912A}.Debug|iPhoneSimulator.ActiveCfg = Debug|iPhoneSimulator
		{1F4C47D1-E0DB-4052-8181-1530607E912A}.Debug|iPhoneSimulator.Build.0 = Debug|iPhoneSimulator
		{1F4C47D1-E0DB-4052-8181-1530607E912A}.Release|iPhoneSimulator.ActiveCfg = Release|iPhoneSimulator
		{1F4C47D1-E0DB-4052-8181-1530607E912A}.Release|iPhoneSimulator.Build.0 = Release|iPhoneSimulator
		{1F4C47D1-E0DB-4052-8181-1530607E912A}.Debug|iPhone.ActiveCfg = Debug|iPhone
		{1F4C47D1-E0DB-4052-8181-1530607E912A}.Debug|iPhone.Build.0 = Debug|iPhone
		{1F4C47D1-E0DB-4052-8181-1530607E912A}.Release|iPhone.ActiveCfg = Release|iPhone
		{1F4C47D1-E0DB-4052-8181-1530607E912A}.Release|iPhone.Build.0 = Release|iPhone
		{EB9450AB-EDA0-4DAD-802C-F8E750C2B6F5}.Debug|Any CPU.ActiveCfg = Debug|Any CPU
		{EB9450AB-EDA0-4DAD-802C-F8E750C2B6F5}.Debug|Any CPU.Build.0 = Debug|Any CPU
		{EB9450AB-EDA0-4DAD-802C-F8E750C2B6F5}.Debug|x64.ActiveCfg = Debug|Any CPU
		{EB9450AB-EDA0-4DAD-802C-F8E750C2B6F5}.Debug|x64.Build.0 = Debug|Any CPU
		{EB9450AB-EDA0-4DAD-802C-F8E750C2B6F5}.Debug|x86.ActiveCfg = Debug|Any CPU
		{EB9450AB-EDA0-4DAD-802C-F8E750C2B6F5}.Debug|x86.Build.0 = Debug|Any CPU
		{EB9450AB-EDA0-4DAD-802C-F8E750C2B6F5}.Release|Any CPU.ActiveCfg = Release|Any CPU
		{EB9450AB-EDA0-4DAD-802C-F8E750C2B6F5}.Release|Any CPU.Build.0 = Release|Any CPU
		{EB9450AB-EDA0-4DAD-802C-F8E750C2B6F5}.Release|x64.ActiveCfg = Release|Any CPU
		{EB9450AB-EDA0-4DAD-802C-F8E750C2B6F5}.Release|x64.Build.0 = Release|Any CPU
		{EB9450AB-EDA0-4DAD-802C-F8E750C2B6F5}.Release|x86.ActiveCfg = Release|Any CPU
		{EB9450AB-EDA0-4DAD-802C-F8E750C2B6F5}.Release|x86.Build.0 = Release|Any CPU
		{EB9450AB-EDA0-4DAD-802C-F8E750C2B6F5}.Debug|iPhoneSimulator.ActiveCfg = Debug|Any CPU
		{EB9450AB-EDA0-4DAD-802C-F8E750C2B6F5}.Debug|iPhoneSimulator.Build.0 = Debug|Any CPU
		{EB9450AB-EDA0-4DAD-802C-F8E750C2B6F5}.Release|iPhoneSimulator.ActiveCfg = Release|Any CPU
		{EB9450AB-EDA0-4DAD-802C-F8E750C2B6F5}.Release|iPhoneSimulator.Build.0 = Release|Any CPU
		{EB9450AB-EDA0-4DAD-802C-F8E750C2B6F5}.Debug|iPhone.ActiveCfg = Debug|Any CPU
		{EB9450AB-EDA0-4DAD-802C-F8E750C2B6F5}.Debug|iPhone.Build.0 = Debug|Any CPU
		{EB9450AB-EDA0-4DAD-802C-F8E750C2B6F5}.Release|iPhone.ActiveCfg = Release|Any CPU
		{EB9450AB-EDA0-4DAD-802C-F8E750C2B6F5}.Release|iPhone.Build.0 = Release|Any CPU
	EndGlobalSection
EndGlobal
